
Microsoft Visual Studio Solution File, Format Version 12.00
# Visual Studio Version 17
VisualStudioVersion = 17.13.35828.75 d17.13
MinimumVisualStudioVersion = 10.0.40219.1
Project("{FAE04EC0-301F-11D3-BF4B-00C04F79EFBC}") = "CIS 207 Project 11 File-Based Sales Summary with Subtotals", "CIS 207 Project 11 File-Based Sales Summary with Subtotals.csproj", "{89A4E633-77B4-465B-A13A-81CDB722C2B3}"
EndProject
Global
	GlobalSection(SolutionConfigurationPlatforms) = preSolution
		Debug|Any CPU = Debug|Any CPU
		Release|Any CPU = Release|Any CPU
	EndGlobalSection
	GlobalSection(ProjectConfigurationPlatforms) = postSolution
		{89A4E633-77B4-465B-A13A-81CDB722C2B3}.Debug|Any CPU.ActiveCfg = Debug|Any CPU
		{89A4E633-77B4-465B-A13A-81CDB722C2B3}.Debug|Any CPU.Build.0 = Debug|Any CPU
		{89A4E633-77B4-465B-A13A-81CDB722C2B3}.Release|Any CPU.ActiveCfg = Release|Any CPU
		{89A4E633-77B4-465B-A13A-81CDB722C2B3}.Release|Any CPU.Build.0 = Release|Any CPU
	EndGlobalSection
	GlobalSection(SolutionProperties) = preSolution
		HideSolutionNode = FALSE
	EndGlobalSection
	GlobalSection(ExtensibilityGlobals) = postSolution
		SolutionGuid = {B8675E2F-9B0F-4AAE-A8FB-9EE8805E8AE1}
	EndGlobalSection
EndGlobal
